
Microsoft Visual Studio Solution File, Format Version 12.00
# Visual Studio Version 17
VisualStudioVersion = 17.14.36221.1 d17.14
MinimumVisualStudioVersion = 10.0.40219.1
Project("{FAE04EC0-301F-11D3-BF4B-00C04F79EFBC}") = "JwtAuthBackend", "JwtAuthBackend\JwtAuthBackend.csproj", "{20C4FBE4-163E-4397-B9B3-B7C0BB5DB089}"
EndProject
Global
	GlobalSection(SolutionConfigurationPlatforms) = preSolution
		Debug|Any CPU = Debug|Any CPU
		Release|Any CPU = Release|Any CPU
	EndGlobalSection
	GlobalSection(ProjectConfigurationPlatforms) = postSolution
		{20C4FBE4-163E-4397-B9B3-B7C0BB5DB089}.Debug|Any CPU.ActiveCfg = Debug|Any CPU
		{20C4FBE4-163E-4397-B9B3-B7C0BB5DB089}.Debug|Any CPU.Build.0 = Debug|Any CPU
		{20C4FBE4-163E-4397-B9B3-B7C0BB5DB089}.Release|Any CPU.ActiveCfg = Release|Any CPU
		{20C4FBE4-163E-4397-B9B3-B7C0BB5DB089}.Release|Any CPU.Build.0 = Release|Any CPU
	EndGlobalSection
	GlobalSection(SolutionProperties) = preSolution
		HideSolutionNode = FALSE
	EndGlobalSection
	GlobalSection(ExtensibilityGlobals) = postSolution
		SolutionGuid = {78BCFDA7-2647-43E9-8B03-34563A8B5E75}
	EndGlobalSection
EndGlobal
